
Microsoft Visual Studio Solution File, Format Version 12.00
# Visual Studio Version 17
VisualStudioVersion = 17.9.34714.143
MinimumVisualStudioVersion = 10.0.40219.1
Project("{FAE04EC0-301F-11D3-BF4B-00C04F79EFBC}") = "HotelBookingManagementFCS", "WebApplication1\HotelBookingManagementFCS.csproj", "{C6F932EB-19BB-4F9D-94E1-17B022D2105E}"
EndProject
Project("{FAE04EC0-301F-11D3-BF4B-00C04F79EFBC}") = "HotelBookUnitTest", "HotelBookUnitTest\HotelBookUnitTest.csproj", "{072296DB-E86F-40BF-B6DF-55797D1D8847}"
EndProject
Global
	GlobalSection(SolutionConfigurationPlatforms) = preSolution
		Debug|Any CPU = Debug|Any CPU
		Release|Any CPU = Release|Any CPU
	EndGlobalSection
	GlobalSection(ProjectConfigurationPlatforms) = postSolution
		{C6F932EB-19BB-4F9D-94E1-17B022D2105E}.Debug|Any CPU.ActiveCfg = Debug|Any CPU
		{C6F932EB-19BB-4F9D-94E1-17B022D2105E}.Debug|Any CPU.Build.0 = Debug|Any CPU
		{C6F932EB-19BB-4F9D-94E1-17B022D2105E}.Release|Any CPU.ActiveCfg = Release|Any CPU
		{C6F932EB-19BB-4F9D-94E1-17B022D2105E}.Release|Any CPU.Build.0 = Release|Any CPU
		{072296DB-E86F-40BF-B6DF-55797D1D8847}.Debug|Any CPU.ActiveCfg = Debug|Any CPU
		{072296DB-E86F-40BF-B6DF-55797D1D8847}.Debug|Any CPU.Build.0 = Debug|Any CPU
		{072296DB-E86F-40BF-B6DF-55797D1D8847}.Release|Any CPU.ActiveCfg = Release|Any CPU
		{072296DB-E86F-40BF-B6DF-55797D1D8847}.Release|Any CPU.Build.0 = Release|Any CPU
	EndGlobalSection
	GlobalSection(SolutionProperties) = preSolution
		HideSolutionNode = FALSE
	EndGlobalSection
	GlobalSection(ExtensibilityGlobals) = postSolution
		SolutionGuid = {A3A33946-4417-48A2-87CD-F525F519041C}
	EndGlobalSection
EndGlobal
